
Microsoft Visual Studio Solution File, Format Version 12.00
# Visual Studio Version 17
VisualStudioVersion = 17.4.33205.214
MinimumVisualStudioVersion = 10.0.40219.1
Project("{FAE04EC0-301F-11D3-BF4B-00C04F79EFBC}") = "TestForAutogramma", "TestForAutogramma\TestForAutogramma.csproj", "{8AB50CA8-096D-4E21-BBE9-FECA43D70EAA}"
EndProject
Global
	GlobalSection(SolutionConfigurationPlatforms) = preSolution
		Debug|Any CPU = Debug|Any CPU
		Release|Any CPU = Release|Any CPU
	EndGlobalSection
	GlobalSection(ProjectConfigurationPlatforms) = postSolution
		{8AB50CA8-096D-4E21-BBE9-FECA43D70EAA}.Debug|Any CPU.ActiveCfg = Debug|Any CPU
		{8AB50CA8-096D-4E21-BBE9-FECA43D70EAA}.Debug|Any CPU.Build.0 = Debug|Any CPU
		{8AB50CA8-096D-4E21-BBE9-FECA43D70EAA}.Release|Any CPU.ActiveCfg = Release|Any CPU
		{8AB50CA8-096D-4E21-BBE9-FECA43D70EAA}.Release|Any CPU.Build.0 = Release|Any CPU
	EndGlobalSection
	GlobalSection(SolutionProperties) = preSolution
		HideSolutionNode = FALSE
	EndGlobalSection
	GlobalSection(ExtensibilityGlobals) = postSolution
		SolutionGuid = {8306FD0A-7758-417A-9201-0B18AA61A51D}
	EndGlobalSection
EndGlobal
